// !$*UTF8*$!
{
	archiveVersion = 1;
	classes = {
	};
	objectVersion = 48;
	objects = {

/* Begin PBXBuildFile section */
		EBDE8AD01FC5B0ED007C99E9 /* AppDelegate.swift in Sources */ = {isa = PBXBuildFile; fileRef = EBDE8ACF1FC5B0ED007C99E9 /* AppDelegate.swift */; };
		EBDE8AD21FC5B0ED007C99E9 /* ViewController.swift in Sources */ = {isa = PBXBuildFile; fileRef = EBDE8AD11FC5B0ED007C99E9 /* ViewController.swift */; };
		EBDE8AD51FC5B0ED007C99E9 /* Main.storyboard in Resources */ = {isa = PBXBuildFile; fileRef = EBDE8AD31FC5B0ED007C99E9 /* Main.storyboard */; };
		EBDE8AD71FC5B0ED007C99E9 /* Assets.xcassets in Resources */ = {isa = PBXBuildFile; fileRef = EBDE8AD61FC5B0ED007C99E9 /* Assets.xcassets */; };
		EBDE8ADA1FC5B0ED007C99E9 /* LaunchScreen.storyboard in Resources */ = {isa = PBXBuildFile; fileRef = EBDE8AD81FC5B0ED007C99E9 /* LaunchScreen.storyboard */; };
/* End PBXBuildFile section */

/* Begin PBXFileReference section */
		EBDE8ACC1FC5B0ED007C99E9 /* Swift Fun.app */ = {isa = PBXFileReference; explicitFileType = wrapper.application; includeInIndex = 0; path = "Swift Fun.app"; sourceTree = BUILT_PRODUCTS_DIR; };
		EBDE8ACF1FC5B0ED007C99E9 /* AppDelegate.swift */ = {isa = PBXFileReference; lastKnownFileType = sourcecode.swift; path = AppDelegate.swift; sourceTree = "<group>"; };
		EBDE8AD11FC5B0ED007C99E9 /* ViewController.swift */ = {isa = PBXFileReference; lastKnownFileType = sourcecode.swift; path = ViewController.swift; sourceTree = "<group>"; };
		EBDE8AD41FC5B0ED007C99E9 /* Base */ = {isa = PBXFileReference; lastKnownFileType = file.storyboard; name = Base; path = Base.lproj/Main.storyboard; sourceTree = "<group>"; };
		EBDE8AD61FC5B0ED007C99E9 /* Assets.xcassets */ = {isa = PBXFileReference; lastKnownFileType = folder.assetcatalog; path = Assets.xcassets; sourceTree = "<group>"; };
		EBDE8AD91FC5B0ED007C99E9 /* Base */ = {isa = PBXFileReference; lastKnownFileType = file.storyboard; name = Base; path = Base.lproj/LaunchScreen.storyboard; sourceTree = "<group>"; };
		EBDE8ADB1FC5B0ED007C99E9 /* Info.plist */ = {isa = PBXFileReference; lastKnownFileType = text.plist.xml; path = Info.plist; sourceTree = "<group>"; };
/* End PBXFileReference section */

/* Begin PBXFrameworksBuildPhase section */
		EBDE8AC91FC5B0ED007C99E9 /* Frameworks */ = {
			isa = PBXFrameworksBuildPhase;
			buildActionMask = 2147483647;
			files = (
			);
			runOnlyForDeploymentPostprocessing = 0;
		};
/* End PBXFrameworksBuildPhase section */

/* Begin PBXGroup section */
		EBDE8AC31FC5B0ED007C99E9 = {
			isa = PBXGroup;
			children = (
				EBDE8ACE1FC5B0ED007C99E9 /* Swift Fun */,
				EBDE8ACD1FC5B0ED007C99E9 /* Products */,
			);
			sourceTree = "<group>";
		};
		EBDE8ACD1FC5B0ED007C99E9 /* Products */ = {
			isa = PBXGroup;
			children = (
				EBDE8ACC1FC5B0ED007C99E9 /* Swift Fun.app */,
			);
			name = Products;
			sourceTree = "<group>";
		};
		EBDE8ACE1FC5B0ED007C99E9 /* Swift Fun */ = {
			isa = PBXGroup;
			children = (
				EBDE8ACF1FC5B0ED007C99E9 /* AppDelegate.swift */,
				EBDE8AD11FC5B0ED007C99E9 /* ViewController.swift */,
				EBDE8AD31FC5B0ED007C99E9 /* Main.storyboard */,
				EBDE8AD61FC5B0ED007C99E9 /* Assets.xcassets */,
				EBDE8AD81FC5B0ED007C99E9 /* LaunchScreen.storyboard */,
				EBDE8ADB1FC5B0ED007C99E9 /* Info.plist */,
			);
			path = "Swift Fun";
			sourceTree = "<group>";
		};
/* End PBXGroup section */

/* Begin PBXNativeTarget section */
		EBDE8ACB1FC5B0ED007C99E9 /* Swift Fun */ = {
			isa = PBXNativeTarget;
			buildConfigurationList = EBDE8ADE1FC5B0ED007C99E9 /* Build configuration list for PBXNativeTarget "Swift Fun" */;
			buildPhases = (
				EBDE8AC81FC5B0ED007C99E9 /* Sources */,
				EBDE8AC91FC5B0ED007C99E9 /* Frameworks */,
				EBDE8ACA1FC5B0ED007C99E9 /* Resources */,
			);
			buildRules = (
			);
			dependencies = (
			);
			name = "Swift Fun";
			productName = "Swift Fun";
			productReference = EBDE8ACC1FC5B0ED007C99E9 /* Swift Fun.app */;
			productType = "com.apple.product-type.application";
		};
/* End PBXNativeTarget section */

/* Begin PBXProject section */
		EBDE8AC41FC5B0ED007C99E9 /* Project object */ = {
			isa = PBXProject;
			attributes = {
				LastSwiftUpdateCheck = 0910;
				LastUpgradeCheck = 0910;
				ORGANIZATIONNAME = "James Wimberley";
				TargetAttributes = {
					EBDE8ACB1FC5B0ED007C99E9 = {
						CreatedOnToolsVersion = 9.1;
						ProvisioningStyle = Automatic;
					};
				};
			};
			buildConfigurationList = EBDE8AC71FC5B0ED007C99E9 /* Build configuration list for PBXProject "Swift Fun" */;
			compatibilityVersion = "Xcode 8.0";
			developmentRegion = en;
			hasScannedForEncodings = 0;
			knownRegions = (
				en,
				Base,
			);
			mainGroup = EBDE8AC31FC5B0ED007C99E9;
			productRefGroup = EBDE8ACD1FC5B0ED007C99E9 /* Products */;
			projectDirPath = "";
			projectRoot = "";
			targets = (
				EBDE8ACB1FC5B0ED007C99E9 /* Swift Fun */,
			);
		};
/* End PBXProject section */

/* Begin PBXResourcesBuildPhase section */
		EBDE8ACA1FC5B0ED007C99E9 /* Resources */ = {
			isa = PBXResourcesBuildPhase;
			buildActionMask = 2147483647;
			files = (
				EBDE8ADA1FC5B0ED007C99E9 /* LaunchScreen.storyboard in Resources */,
				EBDE8AD71FC5B0ED007C99E9 /* Assets.xcassets in Resources */,
				EBDE8AD51FC5B0ED007C99E9 /* Main.storyboard in Resources */,
			);
			runOnlyForDeploymentPostprocessing = 0;
		};
/* End PBXResourcesBuildPhase section */

/* Begin PBXSourcesBuildPhase section */
		EBDE8AC81FC5B0ED007C99E9 /* Sources */ = {
			isa = PBXSourcesBuildPhase;
			buildActionMask = 2147483647;
			files = (
				EBDE8AD21FC5B0ED007C99E9 /* ViewController.swift in Sources */,
				EBDE8AD01FC5B0ED007C99E9 /* AppDelegate.swift in Sources */,
			);
			runOnlyForDeploymentPostprocessing = 0;
		};
/* End PBXSourcesBuildPhase section */

/* Begin PBXVariantGroup section */
		EBDE8AD31FC5B0ED007C99E9 /* Main.storyboard */ = {
			isa = PBXVariantGroup;
			children = (
				EBDE8AD41FC5B0ED007C99E9 /* Base */,
			);
			name = Main.storyboard;
			sourceTree = "<group>";
		};
		EBDE8AD81FC5B0ED007C99E9 /* LaunchScreen.storyboard */ = {
			isa = PBXVariantGroup;
			children = (
				EBDE8AD91FC5B0ED007C99E9 /* Base */,
			);
			name = LaunchScreen.storyboard;
			sourceTree = "<group>";
		};
/* End PBXVariantGroup section */

/* Begin XCBuildConfiguration section */
		EBDE8ADC1FC5B0ED007C99E9 /* Debug */ = {
			isa = XCBuildConfiguration;
			buildSettings = {
				ALWAYS_SEARCH_USER_PATHS = NO;
				CLANG_ANALYZER_NONNULL = YES;
				CLANG_ANALYZER_NUMBER_OBJECT_CONVERSION = YES_AGGRESSIVE;
				CLANG_CXX_LANGUAGE_STANDARD = "gnu++14";
				CLANG_CXX_LIBRARY = "libc++";
				CLANG_ENABLE_MODULES = YES;
				CLANG_ENABLE_OBJC_ARC = YES;
				CLANG_WARN_BLOCK_CAPTURE_AUTORELEASING = YES;
				CLANG_WARN_BOOL_CONVERSION = YES;
				CLANG_WARN_COMMA = YES;
				CLANG_WARN_CONSTANT_CONVERSION = YES;
				CLANG_WARN_DIRECT_OBJC_ISA_USAGE = YES_ERROR;
				CLANG_WARN_DOCUMENTATION_COMMENTS = YES;
				CLANG_WARN_EMPTY_BODY = YES;
				CLANG_WARN_ENUM_CONVERSION = YES;
				CLANG_WARN_INFINITE_RECURSION = YES;
				CLANG_WARN_INT_CONVERSION = YES;
				CLANG_WARN_NON_LITERAL_NULL_CONVERSION = YES;
				CLANG_WARN_OBJC_LITERAL_CONVERSION = YES;
				CLANG_WARN_OBJC_ROOT_CLASS = YES_ERROR;
				CLANG_WARN_RANGE_LOOP_ANALYSIS = YES;
				CLANG_WARN_STRICT_PROTOTYPES = YES;
				CLANG_WARN_SUSPICIOUS_MOVE = YES;
				CLANG_WARN_UNGUARDED_AVAILABILITY = YES_AGGRESSIVE;
				CLANG_WARN_UNREACHABLE_CODE = YES;
				CLANG_WARN__DUPLICATE_METHOD_MATCH = YES;
				CODE_SIGN_IDENTITY = "iPhone Developer";
				COPY_PHASE_STRIP = NO;
				DEBUG_INFORMATION_FORMAT = dwarf;
				ENABLE_STRICT_OBJC_MSGSEND = YES;
				ENABLE_TESTABILITY = YES;
				GCC_C_LANGUAGE_STANDARD = gnu11;
				GCC_DYNAMIC_NO_PIC = NO;
				GCC_NO_COMMON_BLOCKS = YES;
				GCC_OPTIMIZATION_LEVEL = 0;
				GCC_PREPROCESSOR_DEFINITIONS = (
					"DEBUG=1",
					"$(inherited)",
				);
				GCC_WARN_64_TO_32_BIT_CONVERSION = YES;
				GCC_WARN_ABOUT_RETURN_TYPE = YES_ERROR;
				GCC_WARN_UNDECLARED_SELECTOR = YES;
				GCC_WARN_UNINITIALIZED_AUTOS = YES_AGGRESSIVE;
				GCC_WARN_UNUSED_FUNCTION = YES;
				GCC_WARN_UNUSED_VARIABLE = YES;
				IPHONEOS_DEPLOYMENT_TARGET = 11.1;
				MTL_ENABLE_DEBUG_INFO = YES;
				ONLY_ACTIVE_ARCH = YES;
				SDKROOT = iphoneos;
				SWIFT_ACTIVE_COMPILATION_CONDITIONS = DEBUG;
				SWIFT_OPTIMIZATION_LEVEL = "-Onone";
			};
			name = Debug;
		};
		EBDE8ADD1FC5B0ED007C99E9 /* Release */ = {
			isa = XCBuildConfiguration;
			buildSettings = {
				ALWAYS_SEARCH_USER_PATHS = NO;
				CLANG_ANALYZER_NONNULL = YES;
				CLANG_ANALYZER_NUMBER_OBJECT_CONVERSION = YES_AGGRESSIVE;
				CLANG_CXX_LANGUAGE_STANDARD = "gnu++14";
				CLANG_CXX_LIBRARY = "libc++";
				CLANG_ENABLE_MODULES = YES;
				CLANG_ENABLE_OBJC_ARC = YES;
				CLANG_WARN_BLOCK_CAPTURE_AUTORELEASING = YES;
				CLANG_WARN_BOOL_CONVERSION = YES;
				CLANG_WARN_COMMA = YES;
				CLANG_WARN_CONSTANT_CONVERSION = YES;
				CLANG_WARN_DIRECT_OBJC_ISA_USAGE = YES_ERROR;
				CLANG_WARN_DOCUMENTATION_COMMENTS = YES;
				CLANG_WARN_EMPTY_BODY = YES;
				CLANG_WARN_ENUM_CONVERSION = YES;
				CLANG_WARN_INFINITE_RECURSION = YES;
				CLANG_WARN_INT_CONVERSION = YES;
				CLANG_WARN_NON_LITERAL_NULL_CONVERSION = YES;
				CLANG_WARN_OBJC_LITERAL_CONVERSION = YES;
				CLANG_WARN_OBJC_ROOT_CLASS = YES_ERROR;
				CLANG_WARN_RANGE_LOOP_ANALYSIS = YES;
				CLANG_WARN_STRICT_PROTOTYPES = YES;
				CLANG_WARN_SUSPICIOUS_MOVE = YES;
				CLANG_WARN_UNGUARDED_AVAILABILITY = YES_AGGRESSIVE;
				CLANG_WARN_UNREACHABLE_CODE = YES;
				CLANG_WARN__DUPLICATE_METHOD_MATCH = YES;
				CODE_SIGN_IDENTITY = "iPhone Developer";
				COPY_PHASE_STRIP = NO;
				DEBUG_INFORMATION_FORMAT = "dwarf-with-dsym";
				ENABLE_NS_ASSERTIONS = NO;
				ENABLE_STRICT_OBJC_MSGSEND = YES;
				GCC_C_LANGUAGE_STANDARD = gnu11;
				GCC_NO_COMMON_BLOCKS = YES;
				GCC_WARN_64_TO_32_BIT_CONVERSION = YES;
				GCC_WARN_ABOUT_RETURN_TYPE = YES_ERROR;
				GCC_WARN_UNDECLARED_SELECTOR = YES;
				GCC_WARN_UNINITIALIZED_AUTOS = YES_AGGRESSIVE;
				GCC_WARN_UNUSED_FUNCTION = YES;
				GCC_WARN_UNUSED_VARIABLE = YES;
				IPHONEOS_DEPLOYMENT_TARGET = 11.1;
				MTL_ENABLE_DEBUG_INFO = NO;
				SDKROOT = iphoneos;
				SWIFT_OPTIMIZATION_LEVEL = "-Owholemodule";
				VALIDATE_PRODUCT = YES;
			};
			name = Release;
		};
		EBDE8ADF1FC5B0ED007C99E9 /* Debug */ = {
			isa = XCBuildConfiguration;
			buildSettings = {
				ASSETCATALOG_COMPILER_APPICON_NAME = AppIcon;
				CODE_SIGN_STYLE = Automatic;
				INFOPLIST_FILE = "Swift Fun/Info.plist";
				LD_RUNPATH_SEARCH_PATHS = "$(inherited) @executable_path/Frameworks";
				PRODUCT_BUNDLE_IDENTIFIER = "ca.wimberley.Swift-Fun";
				PRODUCT_NAME = "$(TARGET_NAME)";
				SWIFT_VERSION = 4.0;
				TARGETED_DEVICE_FAMILY = "1,2";
			};
			name = Debug;
		};
		EBDE8AE01FC5B0ED007C99E9 /* Release */ = {
			isa = XCBuildConfiguration;
			buildSettings = {
				ASSETCATALOG_COMPILER_APPICON_NAME = AppIcon;
				CODE_SIGN_STYLE = Automatic;
				INFOPLIST_FILE = "Swift Fun/Info.plist";
				LD_RUNPATH_SEARCH_PATHS = "$(inherited) @executable_path/Frameworks";
				PRODUCT_BUNDLE_IDENTIFIER = "ca.wimberley.Swift-Fun";
				PRODUCT_NAME = "$(TARGET_NAME)";
				SWIFT_VERSION = 4.0;
				TARGETED_DEVICE_FAMILY = "1,2";
			};
			name = Release;
		};
/* End XCBuildConfiguration section */

/* Begin XCConfigurationList section */
		EBDE8AC71FC5B0ED007C99E9 /* Build configuration list for PBXProject "Swift Fun" */ = {
			isa = XCConfigurationList;
			buildConfigurations = (
				EBDE8ADC1FC5B0ED007C99E9 /* Debug */,
				EBDE8ADD1FC5B0ED007C99E9 /* Release */,
			);
			defaultConfigurationIsVisible = 0;
			defaultConfigurationName = Release;
		};
		EBDE8ADE1FC5B0ED007C99E9 /* Build configuration list for PBXNativeTarget "Swift Fun" */ = {
			isa = XCConfigurationList;
			buildConfigurations = (
				EBDE8ADF1FC5B0ED007C99E9 /* Debug */,
				EBDE8AE01FC5B0ED007C99E9 /* Release */,
			);
			defaultConfigurationIsVisible = 0;
			defaultConfigurationName = Release;
		};
/* End XCConfigurationList section */
	};
	rootObject = EBDE8AC41FC5B0ED007C99E9 /* Project object */;
}
